# THIS IS AN AUTOGENERATED FILE. DO NOT EDIT THIS FILE DIRECTLY.
# yarn lockfile v1


vuetify@^3.10.5:
  version "3.10.5"
  resolved "https://registry.yarnpkg.com/vuetify/-/vuetify-3.10.5.tgz#76beded9efcf85efed4d5d31cf255d97ec08b308"
  integrity sha512-3h1onfjcj04B+LJ0cXvGrOOe6C3652JAlyUAuGKgQXwhP9Oe1hAfdM6+svXR5Dt1xC39lQEGqJdacZtwisUEoQ==
